PODS:
  - AGT (1.0.0):
    - R.swift (~> 6.1.0)
    - Swifter
    - SwiftyJSON
  - R.swift (6.1.0):
    - R.swift.Library (~> 5.3.0)
  - R.swift.Library (5.3.0)
  - Swifter (1.5.0)
  - SwiftyJSON (5.0.1)

DEPENDENCIES:
  - AGT (from `../`)
  - R.swift (~> 6.1.0)
  - Swifter
  - SwiftyJSON

SPEC REPOS:
  trunk:
    - R.swift
    - R.swift.Library
    - Swifter
    - SwiftyJSON

EXTERNAL SOURCES:
  AGT:
    :path: "../"

SPEC CHECKSUMS:
  AGT: 11c6c89f0542df3da04f8ae88f5f0e886c8439c7
  R.swift: ec98ff71c4ab2f6fd01dd077e5afd15e63a4834c
  R.swift.Library: 0fc583cb55a99e28901299cc451614cad1161962
  Swifter: e71dd674404923d7f03ebb03f3f222d1c570bc8e
  SwiftyJSON: 2f33a42c6fbc52764d96f13368585094bfd8aa5e

PODFILE CHECKSUM: f693c21abfce0ab983b8b4854542e8db019ae48a

COCOAPODS: 1.11.3
